
Microsoft Visual Studio Solution File, Format Version 12.00
# Visual Studio 15
VisualStudioVersion = 15.0.28307.489
MinimumVisualStudioVersion = 10.0.40219.1
Project("{FAE04EC0-301F-11D3-BF4B-00C04F79EFBC}") = "Sorts", "Sorts\Sorts.csproj", "{93EA5D07-5606-476D-8924-6BE6524A1432}"
EndProject
Global
	GlobalSection(SolutionConfigurationPlatforms) = preSolution
		Debug|Any CPU = Debug|Any CPU
		Release|Any CPU = Release|Any CPU
	EndGlobalSection
	GlobalSection(ProjectConfigurationPlatforms) = postSolution
		{93EA5D07-5606-476D-8924-6BE6524A1432}.Debug|Any CPU.ActiveCfg = Debug|Any CPU
		{93EA5D07-5606-476D-8924-6BE6524A1432}.Debug|Any CPU.Build.0 = Debug|Any CPU
		{93EA5D07-5606-476D-8924-6BE6524A1432}.Release|Any CPU.ActiveCfg = Release|Any CPU
		{93EA5D07-5606-476D-8924-6BE6524A1432}.Release|Any CPU.Build.0 = Release|Any CPU
	EndGlobalSection
	GlobalSection(SolutionProperties) = preSolution
		HideSolutionNode = FALSE
	EndGlobalSection
	GlobalSection(ExtensibilityGlobals) = postSolution
		SolutionGuid = {14576FAC-6C6C-4662-BAAC-CCEE880C4E1F}
	EndGlobalSection
EndGlobal
