
Microsoft Visual Studio Solution File, Format Version 12.00
# Visual Studio 15
VisualStudioVersion = 15.0.28307.489
MinimumVisualStudioVersion = 10.0.40219.1
Project("{FAE04EC0-301F-11D3-BF4B-00C04F79EFBC}") = "StacksAndQueues", "StacksAndQueues\StacksAndQueues.csproj", "{049DBAEE-9195-4998-A0A7-8F6F9F32645C}"
EndProject
Project("{FAE04EC0-301F-11D3-BF4B-00C04F79EFBC}") = "StacksAndQueues_TDD", "StacksAndQueues_TDD\StacksAndQueues_TDD.csproj", "{2D9FFEE0-5FBD-4068-88BB-0A255E901937}"
EndProject
Global
	GlobalSection(SolutionConfigurationPlatforms) = preSolution
		Debug|Any CPU = Debug|Any CPU
		Release|Any CPU = Release|Any CPU
	EndGlobalSection
	GlobalSection(ProjectConfigurationPlatforms) = postSolution
		{049DBAEE-9195-4998-A0A7-8F6F9F32645C}.Debug|Any CPU.ActiveCfg = Debug|Any CPU
		{049DBAEE-9195-4998-A0A7-8F6F9F32645C}.Debug|Any CPU.Build.0 = Debug|Any CPU
		{049DBAEE-9195-4998-A0A7-8F6F9F32645C}.Release|Any CPU.ActiveCfg = Release|Any CPU
		{049DBAEE-9195-4998-A0A7-8F6F9F32645C}.Release|Any CPU.Build.0 = Release|Any CPU
		{2D9FFEE0-5FBD-4068-88BB-0A255E901937}.Debug|Any CPU.ActiveCfg = Debug|Any CPU
		{2D9FFEE0-5FBD-4068-88BB-0A255E901937}.Debug|Any CPU.Build.0 = Debug|Any CPU
		{2D9FFEE0-5FBD-4068-88BB-0A255E901937}.Release|Any CPU.ActiveCfg = Release|Any CPU
		{2D9FFEE0-5FBD-4068-88BB-0A255E901937}.Release|Any CPU.Build.0 = Release|Any CPU
	EndGlobalSection
	GlobalSection(SolutionProperties) = preSolution
		HideSolutionNode = FALSE
	EndGlobalSection
	GlobalSection(ExtensibilityGlobals) = postSolution
		SolutionGuid = {D3E4B02F-239A-4F08-A8E7-1AEC0F95BE88}
	EndGlobalSection
EndGlobal
