
Microsoft Visual Studio Solution File, Format Version 12.00
# Visual Studio 15
VisualStudioVersion = 15.0.28307.489
MinimumVisualStudioVersion = 10.0.40219.1
Project("{FAE04EC0-301F-11D3-BF4B-00C04F79EFBC}") = "Tree", "Tree\Tree.csproj", "{C9AE70DE-8A63-4E23-9BEF-67725B7AC57A}"
EndProject
Project("{FAE04EC0-301F-11D3-BF4B-00C04F79EFBC}") = "Tree_TDD", "Tree_TDD\Tree_TDD.csproj", "{15B9486F-6651-4339-BA68-37FB56696151}"
EndProject
Global
	GlobalSection(SolutionConfigurationPlatforms) = preSolution
		Debug|Any CPU = Debug|Any CPU
		Release|Any CPU = Release|Any CPU
	EndGlobalSection
	GlobalSection(ProjectConfigurationPlatforms) = postSolution
		{C9AE70DE-8A63-4E23-9BEF-67725B7AC57A}.Debug|Any CPU.ActiveCfg = Debug|Any CPU
		{C9AE70DE-8A63-4E23-9BEF-67725B7AC57A}.Debug|Any CPU.Build.0 = Debug|Any CPU
		{C9AE70DE-8A63-4E23-9BEF-67725B7AC57A}.Release|Any CPU.ActiveCfg = Release|Any CPU
		{C9AE70DE-8A63-4E23-9BEF-67725B7AC57A}.Release|Any CPU.Build.0 = Release|Any CPU
		{15B9486F-6651-4339-BA68-37FB56696151}.Debug|Any CPU.ActiveCfg = Debug|Any CPU
		{15B9486F-6651-4339-BA68-37FB56696151}.Debug|Any CPU.Build.0 = Debug|Any CPU
		{15B9486F-6651-4339-BA68-37FB56696151}.Release|Any CPU.ActiveCfg = Release|Any CPU
		{15B9486F-6651-4339-BA68-37FB56696151}.Release|Any CPU.Build.0 = Release|Any CPU
	EndGlobalSection
	GlobalSection(SolutionProperties) = preSolution
		HideSolutionNode = FALSE
	EndGlobalSection
	GlobalSection(ExtensibilityGlobals) = postSolution
		SolutionGuid = {63AE82B1-DB34-4B03-84B4-BDDA01059519}
	EndGlobalSection
EndGlobal
