
Microsoft Visual Studio Solution File, Format Version 12.00
# Visual Studio 15
VisualStudioVersion = 15.0.28307.168
MinimumVisualStudioVersion = 10.0.40219.1
Project("{FAE04EC0-301F-11D3-BF4B-00C04F79EFBC}") = "CodeChallenge03", "CodeChallenge03\CodeChallenge03.csproj", "{2BBF92FF-B649-4B16-9E2C-1C9EDA74CAEA}"
EndProject
Project("{FAE04EC0-301F-11D3-BF4B-00C04F79EFBC}") = "XUnitTestProject1", "XUnitTestProject1\XUnitTestProject1.csproj", "{CF33600B-B444-4793-85F7-0D6F156AA640}"
	ProjectSection(ProjectDependencies) = postProject
		{2BBF92FF-B649-4B16-9E2C-1C9EDA74CAEA} = {2BBF92FF-B649-4B16-9E2C-1C9EDA74CAEA}
	EndProjectSection
EndProject
Global
	GlobalSection(SolutionConfigurationPlatforms) = preSolution
		Debug|Any CPU = Debug|Any CPU
		Release|Any CPU = Release|Any CPU
	EndGlobalSection
	GlobalSection(ProjectConfigurationPlatforms) = postSolution
		{2BBF92FF-B649-4B16-9E2C-1C9EDA74CAEA}.Debug|Any CPU.ActiveCfg = Debug|Any CPU
		{2BBF92FF-B649-4B16-9E2C-1C9EDA74CAEA}.Debug|Any CPU.Build.0 = Debug|Any CPU
		{2BBF92FF-B649-4B16-9E2C-1C9EDA74CAEA}.Release|Any CPU.ActiveCfg = Release|Any CPU
		{2BBF92FF-B649-4B16-9E2C-1C9EDA74CAEA}.Release|Any CPU.Build.0 = Release|Any CPU
		{CF33600B-B444-4793-85F7-0D6F156AA640}.Debug|Any CPU.ActiveCfg = Debug|Any CPU
		{CF33600B-B444-4793-85F7-0D6F156AA640}.Debug|Any CPU.Build.0 = Debug|Any CPU
		{CF33600B-B444-4793-85F7-0D6F156AA640}.Release|Any CPU.ActiveCfg = Release|Any CPU
		{CF33600B-B444-4793-85F7-0D6F156AA640}.Release|Any CPU.Build.0 = Release|Any CPU
	EndGlobalSection
	GlobalSection(SolutionProperties) = preSolution
		HideSolutionNode = FALSE
	EndGlobalSection
	GlobalSection(ExtensibilityGlobals) = postSolution
		SolutionGuid = {20848662-24E2-44C8-A639-9BAA8DBEC600}
	EndGlobalSection
EndGlobal
